
Microsoft Visual Studio Solution File, Format Version 12.00
# Visual Studio Version 16
VisualStudioVersion = 16.0.30804.86
MinimumVisualStudioVersion = 10.0.40219.1
Project("{FAE04EC0-301F-11D3-BF4B-00C04F79EFBC}") = "Chat_WCF", "Chat_WCF.csproj", "{326A97B4-F470-42BB-AAE7-C0B5CF31F243}"
EndProject
Project("{FAE04EC0-301F-11D3-BF4B-00C04F79EFBC}") = "ChatHost", "..\ChatHost\ChatHost.csproj", "{47E61295-F206-44BA-AD35-54B614B79864}"
EndProject
Project("{FAE04EC0-301F-11D3-BF4B-00C04F79EFBC}") = "ChatClient", "..\ChatClient\ChatClient.csproj", "{7274E1A5-882B-4A07-AAFF-D690C21FC244}"
EndProject
Global
	GlobalSection(SolutionConfigurationPlatforms) = preSolution
		Debug|Any CPU = Debug|Any CPU
		Release|Any CPU = Release|Any CPU
	EndGlobalSection
	GlobalSection(ProjectConfigurationPlatforms) = postSolution
		{326A97B4-F470-42BB-AAE7-C0B5CF31F243}.Debug|Any CPU.ActiveCfg = Debug|Any CPU
		{326A97B4-F470-42BB-AAE7-C0B5CF31F243}.Debug|Any CPU.Build.0 = Debug|Any CPU
		{326A97B4-F470-42BB-AAE7-C0B5CF31F243}.Release|Any CPU.ActiveCfg = Release|Any CPU
		{326A97B4-F470-42BB-AAE7-C0B5CF31F243}.Release|Any CPU.Build.0 = Release|Any CPU
		{47E61295-F206-44BA-AD35-54B614B79864}.Debug|Any CPU.ActiveCfg = Debug|Any CPU
		{47E61295-F206-44BA-AD35-54B614B79864}.Debug|Any CPU.Build.0 = Debug|Any CPU
		{47E61295-F206-44BA-AD35-54B614B79864}.Release|Any CPU.ActiveCfg = Release|Any CPU
		{47E61295-F206-44BA-AD35-54B614B79864}.Release|Any CPU.Build.0 = Release|Any CPU
		{7274E1A5-882B-4A07-AAFF-D690C21FC244}.Debug|Any CPU.ActiveCfg = Debug|Any CPU
		{7274E1A5-882B-4A07-AAFF-D690C21FC244}.Debug|Any CPU.Build.0 = Debug|Any CPU
		{7274E1A5-882B-4A07-AAFF-D690C21FC244}.Release|Any CPU.ActiveCfg = Release|Any CPU
		{7274E1A5-882B-4A07-AAFF-D690C21FC244}.Release|Any CPU.Build.0 = Release|Any CPU
	EndGlobalSection
	GlobalSection(SolutionProperties) = preSolution
		HideSolutionNode = FALSE
	EndGlobalSection
	GlobalSection(ExtensibilityGlobals) = postSolution
		SolutionGuid = {20D5392C-8B0F-48AE-92CB-1BAEF665BAFC}
	EndGlobalSection
EndGlobal
